// !$*UTF8*$!
{
	archiveVersion = 1;
	classes = {
	};
	objectVersion = 50;
	objects = {

/* Begin PBXBuildFile section */
		F75646D822B0B7C400FAFE5D /* AppDelegate.swift in Sources */ = {isa = PBXBuildFile; fileRef = F75646D722B0B7C400FAFE5D /* AppDelegate.swift */; };
		F75646DA22B0B7C400FAFE5D /* ViewController.swift in Sources */ = {isa = PBXBuildFile; fileRef = F75646D922B0B7C400FAFE5D /* ViewController.swift */; };
		F75646DD22B0B7C400FAFE5D /* Main.storyboard in Resources */ = {isa = PBXBuildFile; fileRef = F75646DB22B0B7C400FAFE5D /* Main.storyboard */; };
		F75646DF22B0B7C600FAFE5D /* Assets.xcassets in Resources */ = {isa = PBXBuildFile; fileRef = F75646DE22B0B7C600FAFE5D /* Assets.xcassets */; };
		F75646E222B0B7C600FAFE5D /* LaunchScreen.storyboard in Resources */ = {isa = PBXBuildFile; fileRef = F75646E022B0B7C600FAFE5D /* LaunchScreen.storyboard */; };
		F75646EB22B0B93D00FAFE5D /* Article.swift in Sources */ = {isa = PBXBuildFile; fileRef = F75646EA22B0B93D00FAFE5D /* Article.swift */; };
		F75646ED22B0BA3D00FAFE5D /* Model.swift in Sources */ = {isa = PBXBuildFile; fileRef = F75646EC22B0BA3D00FAFE5D /* Model.swift */; };
		F75646EF22B0EAAC00FAFE5D /* OneNewsViewController.swift in Sources */ = {isa = PBXBuildFile; fileRef = F75646EE22B0EAAC00FAFE5D /* OneNewsViewController.swift */; };
/* End PBXBuildFile section */

/* Begin PBXFileReference section */
		F75646D422B0B7C400FAFE5D /* ANNewsApp.app */ = {isa = PBXFileReference; explicitFileType = wrapper.application; includeInIndex = 0; path = ANNewsApp.app; sourceTree = BUILT_PRODUCTS_DIR; };
		F75646D722B0B7C400FAFE5D /* AppDelegate.swift */ = {isa = PBXFileReference; lastKnownFileType = sourcecode.swift; path = AppDelegate.swift; sourceTree = "<group>"; };
		F75646D922B0B7C400FAFE5D /* ViewController.swift */ = {isa = PBXFileReference; lastKnownFileType = sourcecode.swift; path = ViewController.swift; sourceTree = "<group>"; };
		F75646DC22B0B7C400FAFE5D /* Base */ = {isa = PBXFileReference; lastKnownFileType = file.storyboard; name = Base; path = Base.lproj/Main.storyboard; sourceTree = "<group>"; };
		F75646DE22B0B7C600FAFE5D /* Assets.xcassets */ = {isa = PBXFileReference; lastKnownFileType = folder.assetcatalog; path = Assets.xcassets; sourceTree = "<group>"; };
		F75646E122B0B7C600FAFE5D /* Base */ = {isa = PBXFileReference; lastKnownFileType = file.storyboard; name = Base; path = Base.lproj/LaunchScreen.storyboard; sourceTree = "<group>"; };
		F75646E322B0B7C600FAFE5D /* Info.plist */ = {isa = PBXFileReference; lastKnownFileType = text.plist.xml; path = Info.plist; sourceTree = "<group>"; };
		F75646EA22B0B93D00FAFE5D /* Article.swift */ = {isa = PBXFileReference; lastKnownFileType = sourcecode.swift; path = Article.swift; sourceTree = "<group>"; };
		F75646EC22B0BA3D00FAFE5D /* Model.swift */ = {isa = PBXFileReference; lastKnownFileType = sourcecode.swift; path = Model.swift; sourceTree = "<group>"; };
		F75646EE22B0EAAC00FAFE5D /* OneNewsViewController.swift */ = {isa = PBXFileReference; lastKnownFileType = sourcecode.swift; path = OneNewsViewController.swift; sourceTree = "<group>"; };
/* End PBXFileReference section */

/* Begin PBXFrameworksBuildPhase section */
		F75646D122B0B7C400FAFE5D /* Frameworks */ = {
			isa = PBXFrameworksBuildPhase;
			buildActionMask = 2147483647;
			files = (
			);
			runOnlyForDeploymentPostprocessing = 0;
		};
/* End PBXFrameworksBuildPhase section */

/* Begin PBXGroup section */
		F75646CB22B0B7C400FAFE5D = {
			isa = PBXGroup;
			children = (
				F75646D622B0B7C400FAFE5D /* ANNewsApp */,
				F75646D522B0B7C400FAFE5D /* Products */,
			);
			sourceTree = "<group>";
		};
		F75646D522B0B7C400FAFE5D /* Products */ = {
			isa = PBXGroup;
			children = (
				F75646D422B0B7C400FAFE5D /* ANNewsApp.app */,
			);
			name = Products;
			sourceTree = "<group>";
		};
		F75646D622B0B7C400FAFE5D /* ANNewsApp */ = {
			isa = PBXGroup;
			children = (
				F75646E922B0B86500FAFE5D /* Model */,
				F75646D722B0B7C400FAFE5D /* AppDelegate.swift */,
				F75646D922B0B7C400FAFE5D /* ViewController.swift */,
				F75646EE22B0EAAC00FAFE5D /* OneNewsViewController.swift */,
				F75646DB22B0B7C400FAFE5D /* Main.storyboard */,
				F75646DE22B0B7C600FAFE5D /* Assets.xcassets */,
				F75646E022B0B7C600FAFE5D /* LaunchScreen.storyboard */,
				F75646E322B0B7C600FAFE5D /* Info.plist */,
			);
			path = ANNewsApp;
			sourceTree = "<group>";
		};
		F75646E922B0B86500FAFE5D /* Model */ = {
			isa = PBXGroup;
			children = (
				F75646EA22B0B93D00FAFE5D /* Article.swift */,
				F75646EC22B0BA3D00FAFE5D /* Model.swift */,
			);
			path = Model;
			sourceTree = "<group>";
		};
/* End PBXGroup section */

/* Begin PBXNativeTarget section */
		F75646D322B0B7C400FAFE5D /* ANNewsApp */ = {
			isa = PBXNativeTarget;
			buildConfigurationList = F75646E622B0B7C600FAFE5D /* Build configuration list for PBXNativeTarget "ANNewsApp" */;
			buildPhases = (
				F75646D022B0B7C400FAFE5D /* Sources */,
				F75646D122B0B7C400FAFE5D /* Frameworks */,
				F75646D222B0B7C400FAFE5D /* Resources */,
			);
			buildRules = (
			);
			dependencies = (
			);
			name = ANNewsApp;
			productName = ANNewsApp;
			productReference = F75646D422B0B7C400FAFE5D /* ANNewsApp.app */;
			productType = "com.apple.product-type.application";
		};
/* End PBXNativeTarget section */

/* Begin PBXProject section */
		F75646CC22B0B7C400FAFE5D /* Project object */ = {
			isa = PBXProject;
			attributes = {
				LastSwiftUpdateCheck = 1020;
				LastUpgradeCheck = 1020;
				ORGANIZATIONNAME = "Alena Tarasenko";
				TargetAttributes = {
					F75646D322B0B7C400FAFE5D = {
						CreatedOnToolsVersion = 10.2.1;
					};
				};
			};
			buildConfigurationList = F75646CF22B0B7C400FAFE5D /* Build configuration list for PBXProject "ANNewsApp" */;
			compatibilityVersion = "Xcode 9.3";
			developmentRegion = en;
			hasScannedForEncodings = 0;
			knownRegions = (
				en,
				Base,
			);
			mainGroup = F75646CB22B0B7C400FAFE5D;
			productRefGroup = F75646D522B0B7C400FAFE5D /* Products */;
			projectDirPath = "";
			projectRoot = "";
			targets = (
				F75646D322B0B7C400FAFE5D /* ANNewsApp */,
			);
		};
/* End PBXProject section */

/* Begin PBXResourcesBuildPhase section */
		F75646D222B0B7C400FAFE5D /* Resources */ = {
			isa = PBXResourcesBuildPhase;
			buildActionMask = 2147483647;
			files = (
				F75646E222B0B7C600FAFE5D /* LaunchScreen.storyboard in Resources */,
				F75646DF22B0B7C600FAFE5D /* Assets.xcassets in Resources */,
				F75646DD22B0B7C400FAFE5D /* Main.storyboard in Resources */,
			);
			runOnlyForDeploymentPostprocessing = 0;
		};
/* End PBXResourcesBuildPhase section */

/* Begin PBXSourcesBuildPhase section */
		F75646D022B0B7C400FAFE5D /* Sources */ = {
			isa = PBXSourcesBuildPhase;
			buildActionMask = 2147483647;
			files = (
				F75646EF22B0EAAC00FAFE5D /* OneNewsViewController.swift in Sources */,
				F75646DA22B0B7C400FAFE5D /* ViewController.swift in Sources */,
				F75646D822B0B7C400FAFE5D /* AppDelegate.swift in Sources */,
				F75646EB22B0B93D00FAFE5D /* Article.swift in Sources */,
				F75646ED22B0BA3D00FAFE5D /* Model.swift in Sources */,
			);
			runOnlyForDeploymentPostprocessing = 0;
		};
/* End PBXSourcesBuildPhase section */

/* Begin PBXVariantGroup section */
		F75646DB22B0B7C400FAFE5D /* Main.storyboard */ = {
			isa = PBXVariantGroup;
			children = (
				F75646DC22B0B7C400FAFE5D /* Base */,
			);
			name = Main.storyboard;
			sourceTree = "<group>";
		};
		F75646E022B0B7C600FAFE5D /* LaunchScreen.storyboard */ = {
			isa = PBXVariantGroup;
			children = (
				F75646E122B0B7C600FAFE5D /* Base */,
			);
			name = LaunchScreen.storyboard;
			sourceTree = "<group>";
		};
/* End PBXVariantGroup section */

/* Begin XCBuildConfiguration section */
		F75646E422B0B7C600FAFE5D /* Debug */ = {
			isa = XCBuildConfiguration;
			buildSettings = {
				ALWAYS_SEARCH_USER_PATHS = NO;
				CLANG_ANALYZER_NONNULL = YES;
				CLANG_ANALYZER_NUMBER_OBJECT_CONVERSION = YES_AGGRESSIVE;
				CLANG_CXX_LANGUAGE_STANDARD = "gnu++14";
				CLANG_CXX_LIBRARY = "libc++";
				CLANG_ENABLE_MODULES = YES;
				CLANG_ENABLE_OBJC_ARC = YES;
				CLANG_ENABLE_OBJC_WEAK = YES;
				CLANG_WARN_BLOCK_CAPTURE_AUTORELEASING = YES;
				CLANG_WARN_BOOL_CONVERSION = YES;
				CLANG_WARN_COMMA = YES;
				CLANG_WARN_CONSTANT_CONVERSION = YES;
				CLANG_WARN_DEPRECATED_OBJC_IMPLEMENTATIONS = YES;
				CLANG_WARN_DIRECT_OBJC_ISA_USAGE = YES_ERROR;
				CLANG_WARN_DOCUMENTATION_COMMENTS = YES;
				CLANG_WARN_EMPTY_BODY = YES;
				CLANG_WARN_ENUM_CONVERSION = YES;
				CLANG_WARN_INFINITE_RECURSION = YES;
				CLANG_WARN_INT_CONVERSION = YES;
				CLANG_WARN_NON_LITERAL_NULL_CONVERSION = YES;
				CLANG_WARN_OBJC_IMPLICIT_RETAIN_SELF = YES;
				CLANG_WARN_OBJC_LITERAL_CONVERSION = YES;
				CLANG_WARN_OBJC_ROOT_CLASS = YES_ERROR;
				CLANG_WARN_RANGE_LOOP_ANALYSIS = YES;
				CLANG_WARN_STRICT_PROTOTYPES = YES;
				CLANG_WARN_SUSPICIOUS_MOVE = YES;
				CLANG_WARN_UNGUARDED_AVAILABILITY = YES_AGGRESSIVE;
				CLANG_WARN_UNREACHABLE_CODE = YES;
				CLANG_WARN__DUPLICATE_METHOD_MATCH = YES;
				CODE_SIGN_IDENTITY = "iPhone Developer";
				COPY_PHASE_STRIP = NO;
				DEBUG_INFORMATION_FORMAT = dwarf;
				ENABLE_STRICT_OBJC_MSGSEND = YES;
				ENABLE_TESTABILITY = YES;
				GCC_C_LANGUAGE_STANDARD = gnu11;
				GCC_DYNAMIC_NO_PIC = NO;
				GCC_NO_COMMON_BLOCKS = YES;
				GCC_OPTIMIZATION_LEVEL = 0;
				GCC_PREPROCESSOR_DEFINITIONS = (
					"DEBUG=1",
					"$(inherited)",
				);
				GCC_WARN_64_TO_32_BIT_CONVERSION = YES;
				GCC_WARN_ABOUT_RETURN_TYPE = YES_ERROR;
				GCC_WARN_UNDECLARED_SELECTOR = YES;
				GCC_WARN_UNINITIALIZED_AUTOS = YES_AGGRESSIVE;
				GCC_WARN_UNUSED_FUNCTION = YES;
				GCC_WARN_UNUSED_VARIABLE = YES;
				IPHONEOS_DEPLOYMENT_TARGET = 12.2;
				MTL_ENABLE_DEBUG_INFO = INCLUDE_SOURCE;
				MTL_FAST_MATH = YES;
				ONLY_ACTIVE_ARCH = YES;
				SDKROOT = iphoneos;
				SWIFT_ACTIVE_COMPILATION_CONDITIONS = DEBUG;
				SWIFT_OPTIMIZATION_LEVEL = "-Onone";
			};
			name = Debug;
		};
		F75646E522B0B7C600FAFE5D /* Release */ = {
			isa = XCBuildConfiguration;
			buildSettings = {
				ALWAYS_SEARCH_USER_PATHS = NO;
				CLANG_ANALYZER_NONNULL = YES;
				CLANG_ANALYZER_NUMBER_OBJECT_CONVERSION = YES_AGGRESSIVE;
				CLANG_CXX_LANGUAGE_STANDARD = "gnu++14";
				CLANG_CXX_LIBRARY = "libc++";
				CLANG_ENABLE_MODULES = YES;
				CLANG_ENABLE_OBJC_ARC = YES;
				CLANG_ENABLE_OBJC_WEAK = YES;
				CLANG_WARN_BLOCK_CAPTURE_AUTORELEASING = YES;
				CLANG_WARN_BOOL_CONVERSION = YES;
				CLANG_WARN_COMMA = YES;
				CLANG_WARN_CONSTANT_CONVERSION = YES;
				CLANG_WARN_DEPRECATED_OBJC_IMPLEMENTATIONS = YES;
				CLANG_WARN_DIRECT_OBJC_ISA_USAGE = YES_ERROR;
				CLANG_WARN_DOCUMENTATION_COMMENTS = YES;
				CLANG_WARN_EMPTY_BODY = YES;
				CLANG_WARN_ENUM_CONVERSION = YES;
				CLANG_WARN_INFINITE_RECURSION = YES;
				CLANG_WARN_INT_CONVERSION = YES;
				CLANG_WARN_NON_LITERAL_NULL_CONVERSION = YES;
				CLANG_WARN_OBJC_IMPLICIT_RETAIN_SELF = YES;
				CLANG_WARN_OBJC_LITERAL_CONVERSION = YES;
				CLANG_WARN_OBJC_ROOT_CLASS = YES_ERROR;
				CLANG_WARN_RANGE_LOOP_ANALYSIS = YES;
				CLANG_WARN_STRICT_PROTOTYPES = YES;
				CLANG_WARN_SUSPICIOUS_MOVE = YES;
				CLANG_WARN_UNGUARDED_AVAILABILITY = YES_AGGRESSIVE;
				CLANG_WARN_UNREACHABLE_CODE = YES;
				CLANG_WARN__DUPLICATE_METHOD_MATCH = YES;
				CODE_SIGN_IDENTITY = "iPhone Developer";
				COPY_PHASE_STRIP = NO;
				DEBUG_INFORMATION_FORMAT = "dwarf-with-dsym";
				ENABLE_NS_ASSERTIONS = NO;
				ENABLE_STRICT_OBJC_MSGSEND = YES;
				GCC_C_LANGUAGE_STANDARD = gnu11;
				GCC_NO_COMMON_BLOCKS = YES;
				GCC_WARN_64_TO_32_BIT_CONVERSION = YES;
				GCC_WARN_ABOUT_RETURN_TYPE = YES_ERROR;
				GCC_WARN_UNDECLARED_SELECTOR = YES;
				GCC_WARN_UNINITIALIZED_AUTOS = YES_AGGRESSIVE;
				GCC_WARN_UNUSED_FUNCTION = YES;
				GCC_WARN_UNUSED_VARIABLE = YES;
				IPHONEOS_DEPLOYMENT_TARGET = 12.2;
				MTL_ENABLE_DEBUG_INFO = NO;
				MTL_FAST_MATH = YES;
				SDKROOT = iphoneos;
				SWIFT_COMPILATION_MODE = wholemodule;
				SWIFT_OPTIMIZATION_LEVEL = "-O";
				VALIDATE_PRODUCT = YES;
			};
			name = Release;
		};
		F75646E722B0B7C600FAFE5D /* Debug */ = {
			isa = XCBuildConfiguration;
			buildSettings = {
				ASSETCATALOG_COMPILER_APPICON_NAME = AppIcon;
				CODE_SIGN_STYLE = Automatic;
				DEVELOPMENT_TEAM = UZ23XT8HZ7;
				INFOPLIST_FILE = ANNewsApp/Info.plist;
				LD_RUNPATH_SEARCH_PATHS = (
					"$(inherited)",
					"@executable_path/Frameworks",
				);
				PRODUCT_BUNDLE_IDENTIFIER = AN.ANNewsApp;
				PRODUCT_NAME = "$(TARGET_NAME)";
				SWIFT_VERSION = 5.0;
				TARGETED_DEVICE_FAMILY = "1,2";
			};
			name = Debug;
		};
		F75646E822B0B7C600FAFE5D /* Release */ = {
			isa = XCBuildConfiguration;
			buildSettings = {
				ASSETCATALOG_COMPILER_APPICON_NAME = AppIcon;
				CODE_SIGN_STYLE = Automatic;
				DEVELOPMENT_TEAM = UZ23XT8HZ7;
				INFOPLIST_FILE = ANNewsApp/Info.plist;
				LD_RUNPATH_SEARCH_PATHS = (
					"$(inherited)",
					"@executable_path/Frameworks",
				);
				PRODUCT_BUNDLE_IDENTIFIER = AN.ANNewsApp;
				PRODUCT_NAME = "$(TARGET_NAME)";
				SWIFT_VERSION = 5.0;
				TARGETED_DEVICE_FAMILY = "1,2";
			};
			name = Release;
		};
/* End XCBuildConfiguration section */

/* Begin XCConfigurationList section */
		F75646CF22B0B7C400FAFE5D /* Build configuration list for PBXProject "ANNewsApp" */ = {
			isa = XCConfigurationList;
			buildConfigurations = (
				F75646E422B0B7C600FAFE5D /* Debug */,
				F75646E522B0B7C600FAFE5D /* Release */,
			);
			defaultConfigurationIsVisible = 0;
			defaultConfigurationName = Release;
		};
		F75646E622B0B7C600FAFE5D /* Build configuration list for PBXNativeTarget "ANNewsApp" */ = {
			isa = XCConfigurationList;
			buildConfigurations = (
				F75646E722B0B7C600FAFE5D /* Debug */,
				F75646E822B0B7C600FAFE5D /* Release */,
			);
			defaultConfigurationIsVisible = 0;
			defaultConfigurationName = Release;
		};
/* End XCConfigurationList section */
	};
	rootObject = F75646CC22B0B7C400FAFE5D /* Project object */;
}
